<Solution>
  <Configurations>
    <Platform Name="Any CPU" />
    <Platform Name="x64" />
    <Platform Name="x86" />
  </Configurations>
  <Project Path="TaskManager.Domain/TaskManager.Domain.csproj" />
  <Project Path="TaskManager.Shared/TaskManager.Shared.csproj" />
  <Project Path="TaskManager.Tests/TaskManager.Tests.csproj" />
  <Project Path="TaskManager.Utility/TaskManager.Utility.csproj" />
  <Project Path="TaskManager/TaskManager.csproj" />
</Solution>
